
Microsoft Visual Studio Solution File, Format Version 12.00
# Visual Studio Version 17
VisualStudioVersion = 17.5.002.0
MinimumVisualStudioVersion = 10.0.40219.1
Project("{2150E333-8FDC-42A3-9474-1A3956D46DE8}") = "Lessons", "Lessons", "{469107EB-23BA-4137-A358-7845554467C9}"
EndProject
Project("{9A19103F-16F7-4668-BE54-9A1E7A4F7556}") = "HomeWork", "Lessons\HomeWork\HomeWork.csproj", "{23190AA4-2B1C-4C41-AF2C-E366B4CCC19F}"
EndProject
Project("{9A19103F-16F7-4668-BE54-9A1E7A4F7556}") = "HomeWork_2", "Lessons\HomeWork_2\HomeWork_2.csproj", "{40A59BC5-BADA-48F2-ADFE-53D31B22A56B}"
EndProject
Project("{9A19103F-16F7-4668-BE54-9A1E7A4F7556}") = "HomeWork_3", "Lessons\HomeWork_3\HomeWork_3.csproj", "{EB9933EB-2CFA-40AC-BE45-CD572EE7D65A}"
EndProject
Project("{9A19103F-16F7-4668-BE54-9A1E7A4F7556}") = "HomeWork_4", "Lessons\HomeWork_4\HomeWork_4.csproj", "{2550E4AD-12ED-4FAB-A86A-DD58610E1A8A}"
EndProject
Project("{9A19103F-16F7-4668-BE54-9A1E7A4F7556}") = "Seninnars", "Lessons\Seninnars\Seninnars.csproj", "{F886BA5D-AA68-45E6-91C9-FC62E8D10A42}"
EndProject
Project("{2150E333-8FDC-42A3-9474-1A3956D46DE8}") = "lecture", "lecture", "{C5206019-5A35-4667-98EB-1020099EBD56}"
EndProject
Project("{9A19103F-16F7-4668-BE54-9A1E7A4F7556}") = "Lessons", "Lessons\lecture\Exp 1.0\Lessons.csproj", "{A02D03DC-4BFF-46C9-B60E-A22E1A34BF08}"
EndProject
Project("{9A19103F-16F7-4668-BE54-9A1E7A4F7556}") = "Exp 2.0", "Lessons\lecture\Exp 2.0\Exp 2.0.csproj", "{7A37A60E-B7EA-4F65-9C55-7DD7BAC05F93}"
EndProject
Project("{9A19103F-16F7-4668-BE54-9A1E7A4F7556}") = "Exp 3.0", "Lessons\lecture\Exp 3.0\Exp 3.0.csproj", "{90B11801-1BB9-4013-A54B-F8DABBA13627}"
EndProject
Project("{9A19103F-16F7-4668-BE54-9A1E7A4F7556}") = "Exp 4.0_Base", "Lessons\lecture\Exp 4.0_Base\Exp 4.0_Base.csproj", "{1B933331-9E43-43C5-B74A-884C7966E87C}"
EndProject
Project("{9A19103F-16F7-4668-BE54-9A1E7A4F7556}") = "Exp 5.0 (if)", "Lessons\lecture\Exp 5.0 (if)\Exp 5.0 (if).csproj", "{734E79C5-C1D9-4D84-90A6-231BA7300D56}"
EndProject
Project("{9A19103F-16F7-4668-BE54-9A1E7A4F7556}") = "Exp 7.0_while", "Lessons\lecture\Exp 7.0_while\Exp 7.0_while.csproj", "{3CD137D4-2BC8-4D9D-AEBF-848DE1E0B992}"
EndProject
Global
	GlobalSection(SolutionConfigurationPlatforms) = preSolution
		Debug|Any CPU = Debug|Any CPU
		Release|Any CPU = Release|Any CPU
	EndGlobalSection
	GlobalSection(ProjectConfigurationPlatforms) = postSolution
		{23190AA4-2B1C-4C41-AF2C-E366B4CCC19F}.Debug|Any CPU.ActiveCfg = Debug|Any CPU
		{23190AA4-2B1C-4C41-AF2C-E366B4CCC19F}.Debug|Any CPU.Build.0 = Debug|Any CPU
		{23190AA4-2B1C-4C41-AF2C-E366B4CCC19F}.Release|Any CPU.ActiveCfg = Release|Any CPU
		{23190AA4-2B1C-4C41-AF2C-E366B4CCC19F}.Release|Any CPU.Build.0 = Release|Any CPU
		{40A59BC5-BADA-48F2-ADFE-53D31B22A56B}.Debug|Any CPU.ActiveCfg = Debug|Any CPU
		{40A59BC5-BADA-48F2-ADFE-53D31B22A56B}.Debug|Any CPU.Build.0 = Debug|Any CPU
		{40A59BC5-BADA-48F2-ADFE-53D31B22A56B}.Release|Any CPU.ActiveCfg = Release|Any CPU
		{40A59BC5-BADA-48F2-ADFE-53D31B22A56B}.Release|Any CPU.Build.0 = Release|Any CPU
		{EB9933EB-2CFA-40AC-BE45-CD572EE7D65A}.Debug|Any CPU.ActiveCfg = Debug|Any CPU
		{EB9933EB-2CFA-40AC-BE45-CD572EE7D65A}.Debug|Any CPU.Build.0 = Debug|Any CPU
		{EB9933EB-2CFA-40AC-BE45-CD572EE7D65A}.Release|Any CPU.ActiveCfg = Release|Any CPU
		{EB9933EB-2CFA-40AC-BE45-CD572EE7D65A}.Release|Any CPU.Build.0 = Release|Any CPU
		{2550E4AD-12ED-4FAB-A86A-DD58610E1A8A}.Debug|Any CPU.ActiveCfg = Debug|Any CPU
		{2550E4AD-12ED-4FAB-A86A-DD58610E1A8A}.Debug|Any CPU.Build.0 = Debug|Any CPU
		{2550E4AD-12ED-4FAB-A86A-DD58610E1A8A}.Release|Any CPU.ActiveCfg = Release|Any CPU
		{2550E4AD-12ED-4FAB-A86A-DD58610E1A8A}.Release|Any CPU.Build.0 = Release|Any CPU
		{F886BA5D-AA68-45E6-91C9-FC62E8D10A42}.Debug|Any CPU.ActiveCfg = Debug|Any CPU
		{F886BA5D-AA68-45E6-91C9-FC62E8D10A42}.Debug|Any CPU.Build.0 = Debug|Any CPU
		{F886BA5D-AA68-45E6-91C9-FC62E8D10A42}.Release|Any CPU.ActiveCfg = Release|Any CPU
		{F886BA5D-AA68-45E6-91C9-FC62E8D10A42}.Release|Any CPU.Build.0 = Release|Any CPU
		{A02D03DC-4BFF-46C9-B60E-A22E1A34BF08}.Debug|Any CPU.ActiveCfg = Debug|Any CPU
		{A02D03DC-4BFF-46C9-B60E-A22E1A34BF08}.Debug|Any CPU.Build.0 = Debug|Any CPU
		{A02D03DC-4BFF-46C9-B60E-A22E1A34BF08}.Release|Any CPU.ActiveCfg = Release|Any CPU
		{A02D03DC-4BFF-46C9-B60E-A22E1A34BF08}.Release|Any CPU.Build.0 = Release|Any CPU
		{7A37A60E-B7EA-4F65-9C55-7DD7BAC05F93}.Debug|Any CPU.ActiveCfg = Debug|Any CPU
		{7A37A60E-B7EA-4F65-9C55-7DD7BAC05F93}.Debug|Any CPU.Build.0 = Debug|Any CPU
		{7A37A60E-B7EA-4F65-9C55-7DD7BAC05F93}.Release|Any CPU.ActiveCfg = Release|Any CPU
		{7A37A60E-B7EA-4F65-9C55-7DD7BAC05F93}.Release|Any CPU.Build.0 = Release|Any CPU
		{90B11801-1BB9-4013-A54B-F8DABBA13627}.Debug|Any CPU.ActiveCfg = Debug|Any CPU
		{90B11801-1BB9-4013-A54B-F8DABBA13627}.Debug|Any CPU.Build.0 = Debug|Any CPU
		{90B11801-1BB9-4013-A54B-F8DABBA13627}.Release|Any CPU.ActiveCfg = Release|Any CPU
		{90B11801-1BB9-4013-A54B-F8DABBA13627}.Release|Any CPU.Build.0 = Release|Any CPU
		{1B933331-9E43-43C5-B74A-884C7966E87C}.Debug|Any CPU.ActiveCfg = Debug|Any CPU
		{1B933331-9E43-43C5-B74A-884C7966E87C}.Debug|Any CPU.Build.0 = Debug|Any CPU
		{1B933331-9E43-43C5-B74A-884C7966E87C}.Release|Any CPU.ActiveCfg = Release|Any CPU
		{1B933331-9E43-43C5-B74A-884C7966E87C}.Release|Any CPU.Build.0 = Release|Any CPU
		{734E79C5-C1D9-4D84-90A6-231BA7300D56}.Debug|Any CPU.ActiveCfg = Debug|Any CPU
		{734E79C5-C1D9-4D84-90A6-231BA7300D56}.Debug|Any CPU.Build.0 = Debug|Any CPU
		{734E79C5-C1D9-4D84-90A6-231BA7300D56}.Release|Any CPU.ActiveCfg = Release|Any CPU
		{734E79C5-C1D9-4D84-90A6-231BA7300D56}.Release|Any CPU.Build.0 = Release|Any CPU
		{3CD137D4-2BC8-4D9D-AEBF-848DE1E0B992}.Debug|Any CPU.ActiveCfg = Debug|Any CPU
		{3CD137D4-2BC8-4D9D-AEBF-848DE1E0B992}.Debug|Any CPU.Build.0 = Debug|Any CPU
		{3CD137D4-2BC8-4D9D-AEBF-848DE1E0B992}.Release|Any CPU.ActiveCfg = Release|Any CPU
		{3CD137D4-2BC8-4D9D-AEBF-848DE1E0B992}.Release|Any CPU.Build.0 = Release|Any CPU
	EndGlobalSection
	GlobalSection(SolutionProperties) = preSolution
		HideSolutionNode = FALSE
	EndGlobalSection
	GlobalSection(NestedProjects) = preSolution
		{23190AA4-2B1C-4C41-AF2C-E366B4CCC19F} = {469107EB-23BA-4137-A358-7845554467C9}
		{40A59BC5-BADA-48F2-ADFE-53D31B22A56B} = {469107EB-23BA-4137-A358-7845554467C9}
		{EB9933EB-2CFA-40AC-BE45-CD572EE7D65A} = {469107EB-23BA-4137-A358-7845554467C9}
		{2550E4AD-12ED-4FAB-A86A-DD58610E1A8A} = {469107EB-23BA-4137-A358-7845554467C9}
		{F886BA5D-AA68-45E6-91C9-FC62E8D10A42} = {469107EB-23BA-4137-A358-7845554467C9}
		{C5206019-5A35-4667-98EB-1020099EBD56} = {469107EB-23BA-4137-A358-7845554467C9}
		{A02D03DC-4BFF-46C9-B60E-A22E1A34BF08} = {C5206019-5A35-4667-98EB-1020099EBD56}
		{7A37A60E-B7EA-4F65-9C55-7DD7BAC05F93} = {C5206019-5A35-4667-98EB-1020099EBD56}
		{90B11801-1BB9-4013-A54B-F8DABBA13627} = {C5206019-5A35-4667-98EB-1020099EBD56}
		{1B933331-9E43-43C5-B74A-884C7966E87C} = {C5206019-5A35-4667-98EB-1020099EBD56}
		{734E79C5-C1D9-4D84-90A6-231BA7300D56} = {C5206019-5A35-4667-98EB-1020099EBD56}
		{3CD137D4-2BC8-4D9D-AEBF-848DE1E0B992} = {C5206019-5A35-4667-98EB-1020099EBD56}
	EndGlobalSection
	GlobalSection(ExtensibilityGlobals) = postSolution
		SolutionGuid = {5430BF8F-68BB-4B75-BD3D-66EA579D336A}
	EndGlobalSection
EndGlobal
